# This file is autogenerated, do not edit; changes may be undone by the next 'dep ensure'.


[[projects]]
  name = "github.com/davecgh/go-spew"
  packages = ["spew"]
  revision = "346938d642f2ec3594ed81d874461961cd0faa76"
  version = "v1.1.0"

[[projects]]
  branch = "master"
  name = "github.com/ivahaev/go-logger"
  packages = ["."]
  revision = "2337f7021abc77cd7f9f577512b4be87bd626bc3"

[solve-meta]
  analyzer-name = "dep"
  analyzer-version = 1
  inputs-digest = "c3df830153550b818260a008dee4a7fc848db00886cd97f0feb7b91ae9fae9d8"
  solver-name = "gps-cdcl"
  solver-version = 1
